
Microsoft Visual Studio Solution File, Format Version 10.00
# Visual C# Express Codename Orcas
Project("{FAE04EC0-301F-11D3-BF4B-00C04F79EFBC}") = "Sofia.Data.Common", "..\Sofia.Data.Common\Sofia.Data.Common.csproj", "{D5881349-ED6F-4904-9A22-29B698CB60D1}"
EndProject
Project("{FAE04EC0-301F-11D3-BF4B-00C04F79EFBC}") = "Sofia.Data.Firebird", "..\Sofia.Data.Firebird\Sofia.Data.Firebird.csproj", "{59F28981-0DDB-4B50-9F9D-F215E7DC04D1}"
EndProject
Project("{FAE04EC0-301F-11D3-BF4B-00C04F79EFBC}") = "Sofia.Cab.Shell", "..\Sofia.Cab.Shell\Sofia.Cab.Shell.csproj", "{2C01FDC5-D79A-4C94-9421-1EC90B634CA1}"
EndProject
Project("{FAE04EC0-301F-11D3-BF4B-00C04F79EFBC}") = "Sofia.Cab.Common", "Sofia.Cab.Common\Sofia.Cab.Common.csproj", "{033EFB79-2753-4A82-BD50-D7E9C68511C9}"
EndProject
Global
	GlobalSection(SolutionConfigurationPlatforms) = preSolution
		Debug|Any CPU = Debug|Any CPU
		Release|Any CPU = Release|Any CPU
	EndGlobalSection
	GlobalSection(ProjectConfigurationPlatforms) = postSolution
		{D5881349-ED6F-4904-9A22-29B698CB60D1}.Debug|Any CPU.ActiveCfg = Debug|Any CPU
		{D5881349-ED6F-4904-9A22-29B698CB60D1}.Debug|Any CPU.Build.0 = Debug|Any CPU
		{D5881349-ED6F-4904-9A22-29B698CB60D1}.Release|Any CPU.ActiveCfg = Release|Any CPU
		{D5881349-ED6F-4904-9A22-29B698CB60D1}.Release|Any CPU.Build.0 = Release|Any CPU
		{59F28981-0DDB-4B50-9F9D-F215E7DC04D1}.Debug|Any CPU.ActiveCfg = Debug|Any CPU
		{59F28981-0DDB-4B50-9F9D-F215E7DC04D1}.Debug|Any CPU.Build.0 = Debug|Any CPU
		{59F28981-0DDB-4B50-9F9D-F215E7DC04D1}.Release|Any CPU.ActiveCfg = Release|Any CPU
		{59F28981-0DDB-4B50-9F9D-F215E7DC04D1}.Release|Any CPU.Build.0 = Release|Any CPU
		{2C01FDC5-D79A-4C94-9421-1EC90B634CA1}.Debug|Any CPU.ActiveCfg = Debug|Any CPU
		{2C01FDC5-D79A-4C94-9421-1EC90B634CA1}.Debug|Any CPU.Build.0 = Debug|Any CPU
		{2C01FDC5-D79A-4C94-9421-1EC90B634CA1}.Release|Any CPU.ActiveCfg = Release|Any CPU
		{2C01FDC5-D79A-4C94-9421-1EC90B634CA1}.Release|Any CPU.Build.0 = Release|Any CPU
		{033EFB79-2753-4A82-BD50-D7E9C68511C9}.Debug|Any CPU.ActiveCfg = Debug|Any CPU
		{033EFB79-2753-4A82-BD50-D7E9C68511C9}.Debug|Any CPU.Build.0 = Debug|Any CPU
		{033EFB79-2753-4A82-BD50-D7E9C68511C9}.Release|Any CPU.ActiveCfg = Release|Any CPU
		{033EFB79-2753-4A82-BD50-D7E9C68511C9}.Release|Any CPU.Build.0 = Release|Any CPU
	EndGlobalSection
	GlobalSection(SolutionProperties) = preSolution
		HideSolutionNode = FALSE
	EndGlobalSection
EndGlobal
