
Microsoft Visual Studio Solution File, Format Version 10.00
# Visual C# Express Codename Orcas
Project("{FAE04EC0-301F-11D3-BF4B-00C04F79EFBC}") = "CompositeUI.Windows", "CompositeUI.Windows\CompositeUI.Windows.csproj", "{74F88B53-D913-42A7-AE39-C1FA46710AD2}"
EndProject
Project("{FAE04EC0-301F-11D3-BF4B-00C04F79EFBC}") = "BankTellerCommon", "BankTellerCommon\BankTellerCommon.csproj", "{5461523C-4DCE-4672-BC72-7F0C99501F43}"
EndProject
Project("{FAE04EC0-301F-11D3-BF4B-00C04F79EFBC}") = "BankShell", "BankShell\BankShell.csproj", "{E1595A4A-7CC6-4771-BEE8-4287551B3F35}"
EndProject
Project("{FAE04EC0-301F-11D3-BF4B-00C04F79EFBC}") = "BankTellerModule", "BankTellerModule\BankTellerModule.csproj", "{81D24B64-3784-4282-8340-591465627A1F}"
EndProject
Project("{FAE04EC0-301F-11D3-BF4B-00C04F79EFBC}") = "CustomerMapExtensionModule", "CustomerMapExtensionModule\CustomerMapExtensionModule.csproj", "{62AD7A12-A017-4C0B-B43D-2EF23208F9DA}"
EndProject
Project("{FAE04EC0-301F-11D3-BF4B-00C04F79EFBC}") = "ObjectBuilder", "ObjectBuilder\ObjectBuilder.csproj", "{2AE49F19-392B-4C50-A13C-F49B2579849D}"
EndProject
Project("{FAE04EC0-301F-11D3-BF4B-00C04F79EFBC}") = "SampleVisualizations", "SampleVisualizations\SampleVisualizations.csproj", "{E53CA822-8C55-4976-9A27-A077534D901E}"
EndProject
Project("{FAE04EC0-301F-11D3-BF4B-00C04F79EFBC}") = "CompositeUI", "CompositeUI\CompositeUI.csproj", "{C478E40B-A05E-4C69-9AB3-7A3BB374243F}"
EndProject
Global
	GlobalSection(SolutionConfigurationPlatforms) = preSolution
		Debug|Any CPU = Debug|Any CPU
		Release|Any CPU = Release|Any CPU
	EndGlobalSection
	GlobalSection(ProjectConfigurationPlatforms) = postSolution
		{74F88B53-D913-42A7-AE39-C1FA46710AD2}.Debug|Any CPU.ActiveCfg = Debug|Any CPU
		{74F88B53-D913-42A7-AE39-C1FA46710AD2}.Debug|Any CPU.Build.0 = Debug|Any CPU
		{74F88B53-D913-42A7-AE39-C1FA46710AD2}.Release|Any CPU.ActiveCfg = Release|Any CPU
		{74F88B53-D913-42A7-AE39-C1FA46710AD2}.Release|Any CPU.Build.0 = Release|Any CPU
		{5461523C-4DCE-4672-BC72-7F0C99501F43}.Debug|Any CPU.ActiveCfg = Debug|Any CPU
		{5461523C-4DCE-4672-BC72-7F0C99501F43}.Debug|Any CPU.Build.0 = Debug|Any CPU
		{5461523C-4DCE-4672-BC72-7F0C99501F43}.Release|Any CPU.ActiveCfg = Release|Any CPU
		{5461523C-4DCE-4672-BC72-7F0C99501F43}.Release|Any CPU.Build.0 = Release|Any CPU
		{E1595A4A-7CC6-4771-BEE8-4287551B3F35}.Debug|Any CPU.ActiveCfg = Debug|Any CPU
		{E1595A4A-7CC6-4771-BEE8-4287551B3F35}.Debug|Any CPU.Build.0 = Debug|Any CPU
		{E1595A4A-7CC6-4771-BEE8-4287551B3F35}.Release|Any CPU.ActiveCfg = Release|Any CPU
		{E1595A4A-7CC6-4771-BEE8-4287551B3F35}.Release|Any CPU.Build.0 = Release|Any CPU
		{81D24B64-3784-4282-8340-591465627A1F}.Debug|Any CPU.ActiveCfg = Debug|Any CPU
		{81D24B64-3784-4282-8340-591465627A1F}.Debug|Any CPU.Build.0 = Debug|Any CPU
		{81D24B64-3784-4282-8340-591465627A1F}.Release|Any CPU.ActiveCfg = Release|Any CPU
		{81D24B64-3784-4282-8340-591465627A1F}.Release|Any CPU.Build.0 = Release|Any CPU
		{62AD7A12-A017-4C0B-B43D-2EF23208F9DA}.Debug|Any CPU.ActiveCfg = Debug|Any CPU
		{62AD7A12-A017-4C0B-B43D-2EF23208F9DA}.Debug|Any CPU.Build.0 = Debug|Any CPU
		{62AD7A12-A017-4C0B-B43D-2EF23208F9DA}.Release|Any CPU.ActiveCfg = Release|Any CPU
		{62AD7A12-A017-4C0B-B43D-2EF23208F9DA}.Release|Any CPU.Build.0 = Release|Any CPU
		{2AE49F19-392B-4C50-A13C-F49B2579849D}.Debug|Any CPU.ActiveCfg = Debug|Any CPU
		{2AE49F19-392B-4C50-A13C-F49B2579849D}.Debug|Any CPU.Build.0 = Debug|Any CPU
		{2AE49F19-392B-4C50-A13C-F49B2579849D}.Release|Any CPU.ActiveCfg = Release|Any CPU
		{2AE49F19-392B-4C50-A13C-F49B2579849D}.Release|Any CPU.Build.0 = Release|Any CPU
		{E53CA822-8C55-4976-9A27-A077534D901E}.Debug|Any CPU.ActiveCfg = Debug|Any CPU
		{E53CA822-8C55-4976-9A27-A077534D901E}.Debug|Any CPU.Build.0 = Debug|Any CPU
		{E53CA822-8C55-4976-9A27-A077534D901E}.Release|Any CPU.ActiveCfg = Release|Any CPU
		{E53CA822-8C55-4976-9A27-A077534D901E}.Release|Any CPU.Build.0 = Release|Any CPU
		{C478E40B-A05E-4C69-9AB3-7A3BB374243F}.Debug|Any CPU.ActiveCfg = Debug|Any CPU
		{C478E40B-A05E-4C69-9AB3-7A3BB374243F}.Debug|Any CPU.Build.0 = Debug|Any CPU
		{C478E40B-A05E-4C69-9AB3-7A3BB374243F}.Release|Any CPU.ActiveCfg = Release|Any CPU
		{C478E40B-A05E-4C69-9AB3-7A3BB374243F}.Release|Any CPU.Build.0 = Release|Any CPU
	EndGlobalSection
	GlobalSection(SolutionProperties) = preSolution
		HideSolutionNode = FALSE
	EndGlobalSection
	GlobalSection(TeamFoundationVersionControl) = preSolution
		SccNumberOfProjects = 9
		SccEnterpriseProvider = {4CA58AB2-18FA-4F8D-95D4-32DDF27D184C}
		SccTeamFoundationServer = https://tfs01.codeplex.com/
		SccLocalPath0 = .
		SccProjectUniqueName1 = BankShell\\BankShell.csproj
		SccProjectTopLevelParentUniqueName1 = CompositeUI.sln
		SccProjectName1 = BankShell
		SccLocalPath1 = BankShell
		SccProjectUniqueName2 = BankTellerCommon\\BankTellerCommon.csproj
		SccProjectTopLevelParentUniqueName2 = CompositeUI.sln
		SccProjectName2 = BankTellerCommon
		SccLocalPath2 = BankTellerCommon
		SccProjectUniqueName3 = BankTellerModule\\BankTellerModule.csproj
		SccProjectTopLevelParentUniqueName3 = CompositeUI.sln
		SccProjectName3 = BankTellerModule
		SccLocalPath3 = BankTellerModule
		SccProjectUniqueName4 = CompositeUI.Windows\\CompositeUI.Windows.csproj
		SccProjectName4 = CompositeUI.Windows
		SccLocalPath4 = CompositeUI.Windows
		SccProjectUniqueName5 = CustomerMapExtensionModule\\CustomerMapExtensionModule.csproj
		SccProjectTopLevelParentUniqueName5 = CompositeUI.sln
		SccProjectName5 = CustomerMapExtensionModule
		SccLocalPath5 = CustomerMapExtensionModule
		SccProjectUniqueName6 = SampleVisualizations\\SampleVisualizations.csproj
		SccProjectTopLevelParentUniqueName6 = CompositeUI.sln
		SccProjectName6 = SampleVisualizations
		SccLocalPath6 = SampleVisualizations
		SccProjectUniqueName7 = ObjectBuilder\\ObjectBuilder.csproj
		SccProjectName7 = ObjectBuilder
		SccLocalPath7 = ObjectBuilder
		SccProjectUniqueName8 = CompositeUI\\CompositeUI.csproj
		SccProjectName8 = CompositeUI
		SccLocalPath8 = CompositeUI
	EndGlobalSection
EndGlobal
