Microsoft Visual Studio Solution File, Format Version 9.00
# SharpDevelop 2.0.0.1710
Project("{2150E333-8FDC-42A3-9474-1A3956D46DE8}") = "Sofia.Core", "Sofia.Core", "{D0800ECC-76A2-4853-9095-556B5269A9FA}"
	ProjectSection(SolutionItems) = postProject
	EndProjectSection
EndProject
Project("{FAE04EC0-301F-11D3-BF4B-00C04F79EFBC}") = "GladeTools", "Sofia.Core\GladeTools\GladeTools.csproj", "{DB1DC992-218E-4F18-BC84-B11EB167D2BF}"
EndProject
Project("{FAE04EC0-301F-11D3-BF4B-00C04F79EFBC}") = "ViewController", "Sofia.Core\ViewController\ViewController.csproj", "{784AA129-D4FD-44D0-8D21-7EF565CA0E24}"
EndProject
Project("{FAE04EC0-301F-11D3-BF4B-00C04F79EFBC}") = "XmlTools", "Sofia.Core\XmlTools\XmlTools.csproj", "{92B98D96-8192-4509-B8BD-48A9F265639D}"
EndProject
Project("{FAE04EC0-301F-11D3-BF4B-00C04F79EFBC}") = "Proxy", "Sofia.Core\Proxy\Proxy.csproj", "{09B21776-C319-4BB6-A2DA-CA90ED089D0E}"
EndProject
Project("{FAE04EC0-301F-11D3-BF4B-00C04F79EFBC}") = "Model", "Sofia.Core\Model\Model.csproj", "{37BD11A6-A4F2-4C63-9506-75142EC03310}"
EndProject
Project("{FAE04EC0-301F-11D3-BF4B-00C04F79EFBC}") = "Launcher", "Sofia.Core\Launcher\Launcher.csproj", "{F97F1AE1-D074-42AF-B30E-ED057AAB4B68}"
EndProject
Project("{FAE04EC0-301F-11D3-BF4B-00C04F79EFBC}") = "Command", "Sofia.Core\Command\Command.csproj", "{050B675F-E692-4969-A115-103CBBC48CFE}"
EndProject
Project("{2150E333-8FDC-42A3-9474-1A3956D46DE8}") = "Sofia.Views", "Sofia.Views", "{EA0D25AF-A392-484C-B502-9097CB2FCF64}"
	ProjectSection(SolutionItems) = postProject
	EndProjectSection
EndProject
Project("{2150E333-8FDC-42A3-9474-1A3956D46DE8}") = "Sofia.Views.QuickView", "Sofia.Views.QuickView", "{2A4ABAA0-8868-4EC8-AD5E-7BAF184466EE}"
	ProjectSection(SolutionItems) = postProject
	EndProjectSection
EndProject
Project("{FAE04EC0-301F-11D3-BF4B-00C04F79EFBC}") = "QuickViewGui", "Sofia.Views\Sofia.Views.Quick\QuickViewGui\QuickViewGui.csproj", "{2FBDDA27-DEB5-4594-8E25-F1C190B01389}"
EndProject
Project("{FAE04EC0-301F-11D3-BF4B-00C04F79EFBC}") = "QuickViewController", "Sofia.Views\Sofia.Views.Quick\QuickViewController\QuickViewController.csproj", "{FDB6D959-F0FE-4F03-B9D6-09F704724464}"
EndProject
Project("{2150E333-8FDC-42A3-9474-1A3956D46DE8}") = "Sofia.Views.Client", "Sofia.Views.Client", "{D56FB7AF-BB3A-4063-9479-E762C6FD7086}"
	ProjectSection(SolutionItems) = postProject
	EndProjectSection
EndProject
Project("{FAE04EC0-301F-11D3-BF4B-00C04F79EFBC}") = "ClientViewGui", "Sofia.Views\Sofia.Views.Client\ClientViewGui\ClientViewGui.csproj", "{514AD6D2-A528-49A9-996A-44B208DD9B2F}"
EndProject
Project("{FAE04EC0-301F-11D3-BF4B-00C04F79EFBC}") = "ClientViewController", "Sofia.Views\Sofia.Views.Client\ClientViewController\ClientViewController.csproj", "{B10B19E0-2E72-46DD-BAC0-CD204077CE79}"
EndProject
Project("{FAE04EC0-301F-11D3-BF4B-00C04F79EFBC}") = "MainView", "Sofia.Views\MainView\MainView.csproj", "{38AED41E-CDD3-4ABE-90AB-208EFB0FD10E}"
EndProject
Global
	GlobalSection(SolutionConfigurationPlatforms) = preSolution
		Debug|Any CPU = Debug|Any CPU
		Release|Any CPU = Release|Any CPU
	EndGlobalSection
	GlobalSection(ProjectConfigurationPlatforms) = postSolution
		{DCBE0233-9032-4156-B2DD-45A5915F0F0A}.Debug|Any CPU.Build.0 = Debug|Any CPU
		{DCBE0233-9032-4156-B2DD-45A5915F0F0A}.Debug|Any CPU.ActiveCfg = Debug|Any CPU
		{DCBE0233-9032-4156-B2DD-45A5915F0F0A}.Release|Any CPU.Build.0 = Release|Any CPU
		{DCBE0233-9032-4156-B2DD-45A5915F0F0A}.Release|Any CPU.ActiveCfg = Release|Any CPU
		{99BF10AB-974D-4EBD-8702-5DE3398B5E97}.Debug|Any CPU.Build.0 = Debug|Any CPU
		{99BF10AB-974D-4EBD-8702-5DE3398B5E97}.Debug|Any CPU.ActiveCfg = Debug|Any CPU
		{99BF10AB-974D-4EBD-8702-5DE3398B5E97}.Release|Any CPU.Build.0 = Release|Any CPU
		{99BF10AB-974D-4EBD-8702-5DE3398B5E97}.Release|Any CPU.ActiveCfg = Release|Any CPU
		{38AED41E-CDD3-4ABE-90AB-208EFB0FD10E}.Debug|Any CPU.Build.0 = Debug|Any CPU
		{38AED41E-CDD3-4ABE-90AB-208EFB0FD10E}.Debug|Any CPU.ActiveCfg = Debug|Any CPU
		{38AED41E-CDD3-4ABE-90AB-208EFB0FD10E}.Release|Any CPU.Build.0 = Release|Any CPU
		{38AED41E-CDD3-4ABE-90AB-208EFB0FD10E}.Release|Any CPU.ActiveCfg = Release|Any CPU
		{784AA129-D4FD-44D0-8D21-7EF565CA0E24}.Debug|Any CPU.Build.0 = Debug|Any CPU
		{784AA129-D4FD-44D0-8D21-7EF565CA0E24}.Debug|Any CPU.ActiveCfg = Debug|Any CPU
		{784AA129-D4FD-44D0-8D21-7EF565CA0E24}.Release|Any CPU.Build.0 = Release|Any CPU
		{784AA129-D4FD-44D0-8D21-7EF565CA0E24}.Release|Any CPU.ActiveCfg = Release|Any CPU
		{37BD11A6-A4F2-4C63-9506-75142EC03310}.Debug|Any CPU.Build.0 = Debug|Any CPU
		{37BD11A6-A4F2-4C63-9506-75142EC03310}.Debug|Any CPU.ActiveCfg = Debug|Any CPU
		{37BD11A6-A4F2-4C63-9506-75142EC03310}.Release|Any CPU.Build.0 = Release|Any CPU
		{37BD11A6-A4F2-4C63-9506-75142EC03310}.Release|Any CPU.ActiveCfg = Release|Any CPU
		{09B21776-C319-4BB6-A2DA-CA90ED089D0E}.Debug|Any CPU.Build.0 = Debug|Any CPU
		{09B21776-C319-4BB6-A2DA-CA90ED089D0E}.Debug|Any CPU.ActiveCfg = Debug|Any CPU
		{09B21776-C319-4BB6-A2DA-CA90ED089D0E}.Release|Any CPU.Build.0 = Release|Any CPU
		{09B21776-C319-4BB6-A2DA-CA90ED089D0E}.Release|Any CPU.ActiveCfg = Release|Any CPU
		{92B98D96-8192-4509-B8BD-48A9F265639D}.Debug|Any CPU.Build.0 = Debug|Any CPU
		{92B98D96-8192-4509-B8BD-48A9F265639D}.Debug|Any CPU.ActiveCfg = Debug|Any CPU
		{92B98D96-8192-4509-B8BD-48A9F265639D}.Release|Any CPU.Build.0 = Release|Any CPU
		{92B98D96-8192-4509-B8BD-48A9F265639D}.Release|Any CPU.ActiveCfg = Release|Any CPU
		{050B675F-E692-4969-A115-103CBBC48CFE}.Debug|Any CPU.Build.0 = Debug|Any CPU
		{050B675F-E692-4969-A115-103CBBC48CFE}.Debug|Any CPU.ActiveCfg = Debug|Any CPU
		{050B675F-E692-4969-A115-103CBBC48CFE}.Release|Any CPU.Build.0 = Release|Any CPU
		{050B675F-E692-4969-A115-103CBBC48CFE}.Release|Any CPU.ActiveCfg = Release|Any CPU
		{F97F1AE1-D074-42AF-B30E-ED057AAB4B68}.Debug|Any CPU.Build.0 = Debug|Any CPU
		{F97F1AE1-D074-42AF-B30E-ED057AAB4B68}.Debug|Any CPU.ActiveCfg = Debug|Any CPU
		{F97F1AE1-D074-42AF-B30E-ED057AAB4B68}.Release|Any CPU.Build.0 = Release|Any CPU
		{F97F1AE1-D074-42AF-B30E-ED057AAB4B68}.Release|Any CPU.ActiveCfg = Release|Any CPU
		{B10B19E0-2E72-46DD-BAC0-CD204077CE79}.Debug|Any CPU.Build.0 = Debug|Any CPU
		{B10B19E0-2E72-46DD-BAC0-CD204077CE79}.Debug|Any CPU.ActiveCfg = Debug|Any CPU
		{B10B19E0-2E72-46DD-BAC0-CD204077CE79}.Release|Any CPU.Build.0 = Release|Any CPU
		{B10B19E0-2E72-46DD-BAC0-CD204077CE79}.Release|Any CPU.ActiveCfg = Release|Any CPU
		{514AD6D2-A528-49A9-996A-44B208DD9B2F}.Debug|Any CPU.Build.0 = Debug|Any CPU
		{514AD6D2-A528-49A9-996A-44B208DD9B2F}.Debug|Any CPU.ActiveCfg = Debug|Any CPU
		{514AD6D2-A528-49A9-996A-44B208DD9B2F}.Release|Any CPU.Build.0 = Release|Any CPU
		{514AD6D2-A528-49A9-996A-44B208DD9B2F}.Release|Any CPU.ActiveCfg = Release|Any CPU
		{DB1DC992-218E-4F18-BC84-B11EB167D2BF}.Debug|Any CPU.Build.0 = Debug|Any CPU
		{DB1DC992-218E-4F18-BC84-B11EB167D2BF}.Debug|Any CPU.ActiveCfg = Debug|Any CPU
		{DB1DC992-218E-4F18-BC84-B11EB167D2BF}.Release|Any CPU.Build.0 = Release|Any CPU
		{DB1DC992-218E-4F18-BC84-B11EB167D2BF}.Release|Any CPU.ActiveCfg = Release|Any CPU
		{FDB6D959-F0FE-4F03-B9D6-09F704724464}.Debug|Any CPU.Build.0 = Debug|Any CPU
		{FDB6D959-F0FE-4F03-B9D6-09F704724464}.Debug|Any CPU.ActiveCfg = Debug|Any CPU
		{FDB6D959-F0FE-4F03-B9D6-09F704724464}.Release|Any CPU.Build.0 = Release|Any CPU
		{FDB6D959-F0FE-4F03-B9D6-09F704724464}.Release|Any CPU.ActiveCfg = Release|Any CPU
		{2FBDDA27-DEB5-4594-8E25-F1C190B01389}.Debug|Any CPU.Build.0 = Debug|Any CPU
		{2FBDDA27-DEB5-4594-8E25-F1C190B01389}.Debug|Any CPU.ActiveCfg = Debug|Any CPU
		{2FBDDA27-DEB5-4594-8E25-F1C190B01389}.Release|Any CPU.Build.0 = Release|Any CPU
		{2FBDDA27-DEB5-4594-8E25-F1C190B01389}.Release|Any CPU.ActiveCfg = Release|Any CPU
		{5918BE76-C515-4D76-8979-D4017EAAE924}.Debug|Any CPU.Build.0 = Debug|Any CPU
		{5918BE76-C515-4D76-8979-D4017EAAE924}.Debug|Any CPU.ActiveCfg = Debug|Any CPU
		{5918BE76-C515-4D76-8979-D4017EAAE924}.Release|Any CPU.Build.0 = Release|Any CPU
		{5918BE76-C515-4D76-8979-D4017EAAE924}.Release|Any CPU.ActiveCfg = Release|Any CPU
	EndGlobalSection
	GlobalSection(NestedProjects) = preSolution
		{050B675F-E692-4969-A115-103CBBC48CFE} = {D0800ECC-76A2-4853-9095-556B5269A9FA}
		{F97F1AE1-D074-42AF-B30E-ED057AAB4B68} = {D0800ECC-76A2-4853-9095-556B5269A9FA}
		{37BD11A6-A4F2-4C63-9506-75142EC03310} = {D0800ECC-76A2-4853-9095-556B5269A9FA}
		{09B21776-C319-4BB6-A2DA-CA90ED089D0E} = {D0800ECC-76A2-4853-9095-556B5269A9FA}
		{92B98D96-8192-4509-B8BD-48A9F265639D} = {D0800ECC-76A2-4853-9095-556B5269A9FA}
		{784AA129-D4FD-44D0-8D21-7EF565CA0E24} = {D0800ECC-76A2-4853-9095-556B5269A9FA}
		{DB1DC992-218E-4F18-BC84-B11EB167D2BF} = {D0800ECC-76A2-4853-9095-556B5269A9FA}
		{38AED41E-CDD3-4ABE-90AB-208EFB0FD10E} = {EA0D25AF-A392-484C-B502-9097CB2FCF64}
		{D56FB7AF-BB3A-4063-9479-E762C6FD7086} = {EA0D25AF-A392-484C-B502-9097CB2FCF64}
		{2A4ABAA0-8868-4EC8-AD5E-7BAF184466EE} = {EA0D25AF-A392-484C-B502-9097CB2FCF64}
		{FDB6D959-F0FE-4F03-B9D6-09F704724464} = {2A4ABAA0-8868-4EC8-AD5E-7BAF184466EE}
		{2FBDDA27-DEB5-4594-8E25-F1C190B01389} = {2A4ABAA0-8868-4EC8-AD5E-7BAF184466EE}
		{B10B19E0-2E72-46DD-BAC0-CD204077CE79} = {D56FB7AF-BB3A-4063-9479-E762C6FD7086}
		{514AD6D2-A528-49A9-996A-44B208DD9B2F} = {D56FB7AF-BB3A-4063-9479-E762C6FD7086}
	EndGlobalSection
EndGlobal
